{
  "name": "coc-village-planner",
  "version": "1.0.0",
  "lockfileVersion": 3,
  "requires": true,
  "packages": {
    "": {
      "name": "coc-village-planner",
      "version": "1.0.0",
      "devDependencies": {
        "clash-of-clans-data": "^0.16.0"
      }
    },
    "node_modules/clash-of-clans-data": {
      "version": "0.16.0",
      "resolved": "https://registry.npmjs.org/clash-of-clans-data/-/clash-of-clans-data-0.16.0.tgz",
      "integrity": "sha512-5978Iid/VGMj6VsgJT47UbDYKNmSBqL48UfG1gyzS1EO+6nDgceRd5YDlaQ8Zv9bxlHKQEWZ50FuLoybw38CdA==",
      "dev": true,
      "license": "MIT",
      "engines": {
        "node": ">=24"
      }
    }
  }
}
